Microsoft Visual Studio Solution File, Format Version 12.00
# Visual Studio Version 17
VisualStudioVersion = 17.5.2.0
MinimumVisualStudioVersion = 10.0.40219.1
Project("{FAE04EC0-301F-11D3-BF4B-00C04F79EFBC}") = "DataProcess", "DataProcess\DataProcess.csproj", "{F3332684-F3CA-0EC9-4897-D9F9EA759611}"
EndProject
Project("{FAE04EC0-301F-11D3-BF4B-00C04F79EFBC}") = "EntityLayer", "EntityLayer\EntityLayer.csproj", "{533A801E-EC17-2658-B6F5-D1BE4438DFF4}"
EndProject
Project("{FAE04EC0-301F-11D3-BF4B-00C04F79EFBC}") = "Intermediary", "Intermediary\Intermediary.csproj", "{40791FD9-D085-49B1-E068-F42A552D1681}"
EndProject
Project("{FAE04EC0-301F-11D3-BF4B-00C04F79EFBC}") = "ApiLayer", "ApiLayer\ApiLayer.csproj", "{C2F30C33-D833-890B-ACB0-A57D395BEAAA}"
EndProject
Global
	GlobalSection(SolutionConfigurationPlatforms) = preSolution
		Debug|Any CPU = Debug|Any CPU
		Release|Any CPU = Release|Any CPU
	EndGlobalSection
	GlobalSection(ProjectConfigurationPlatforms) = postSolution
		{F3332684-F3CA-0EC9-4897-D9F9EA759611}.Debug|Any CPU.ActiveCfg = Debug|Any CPU
		{F3332684-F3CA-0EC9-4897-D9F9EA759611}.Debug|Any CPU.Build.0 = Debug|Any CPU
		{F3332684-F3CA-0EC9-4897-D9F9EA759611}.Release|Any CPU.ActiveCfg = Release|Any CPU
		{F3332684-F3CA-0EC9-4897-D9F9EA759611}.Release|Any CPU.Build.0 = Release|Any CPU
		{533A801E-EC17-2658-B6F5-D1BE4438DFF4}.Debug|Any CPU.ActiveCfg = Debug|Any CPU
		{533A801E-EC17-2658-B6F5-D1BE4438DFF4}.Debug|Any CPU.Build.0 = Debug|Any CPU
		{533A801E-EC17-2658-B6F5-D1BE4438DFF4}.Release|Any CPU.ActiveCfg = Release|Any CPU
		{533A801E-EC17-2658-B6F5-D1BE4438DFF4}.Release|Any CPU.Build.0 = Release|Any CPU
		{40791FD9-D085-49B1-E068-F42A552D1681}.Debug|Any CPU.ActiveCfg = Debug|Any CPU
		{40791FD9-D085-49B1-E068-F42A552D1681}.Debug|Any CPU.Build.0 = Debug|Any CPU
		{40791FD9-D085-49B1-E068-F42A552D1681}.Release|Any CPU.ActiveCfg = Release|Any CPU
		{40791FD9-D085-49B1-E068-F42A552D1681}.Release|Any CPU.Build.0 = Release|Any CPU
		{C2F30C33-D833-890B-ACB0-A57D395BEAAA}.Debug|Any CPU.ActiveCfg = Debug|Any CPU
		{C2F30C33-D833-890B-ACB0-A57D395BEAAA}.Debug|Any CPU.Build.0 = Debug|Any CPU
		{C2F30C33-D833-890B-ACB0-A57D395BEAAA}.Release|Any CPU.ActiveCfg = Release|Any CPU
		{C2F30C33-D833-890B-ACB0-A57D395BEAAA}.Release|Any CPU.Build.0 = Release|Any CPU
	EndGlobalSection
	GlobalSection(SolutionProperties) = preSolution
		HideSolutionNode = FALSE
	EndGlobalSection
	GlobalSection(ExtensibilityGlobals) = postSolution
		SolutionGuid = {988464B0-AE81-45CC-9FE8-CD768A6F8258}
	EndGlobalSection
EndGlobal
